
Microsoft Visual Studio Solution File, Format Version 12.00
# Visual Studio Version 17
VisualStudioVersion = 17.7.34221.43
MinimumVisualStudioVersion = 10.0.40219.1
Project("{FAE04EC0-301F-11D3-BF4B-00C04F79EFBC}") = "practice project-1.14-retrieve student data", "practice project-1.14-retrieve student data\practice project-1.14-retrieve student data.csproj", "{97197FF9-3CAA-409B-A177-87C73C5B1E6F}"
EndProject
Global
	GlobalSection(SolutionConfigurationPlatforms) = preSolution
		Debug|Any CPU = Debug|Any CPU
		Release|Any CPU = Release|Any CPU
	EndGlobalSection
	GlobalSection(ProjectConfigurationPlatforms) = postSolution
		{97197FF9-3CAA-409B-A177-87C73C5B1E6F}.Debug|Any CPU.ActiveCfg = Debug|Any CPU
		{97197FF9-3CAA-409B-A177-87C73C5B1E6F}.Debug|Any CPU.Build.0 = Debug|Any CPU
		{97197FF9-3CAA-409B-A177-87C73C5B1E6F}.Release|Any CPU.ActiveCfg = Release|Any CPU
		{97197FF9-3CAA-409B-A177-87C73C5B1E6F}.Release|Any CPU.Build.0 = Release|Any CPU
	EndGlobalSection
	GlobalSection(SolutionProperties) = preSolution
		HideSolutionNode = FALSE
	EndGlobalSection
	GlobalSection(ExtensibilityGlobals) = postSolution
		SolutionGuid = {1D34AF23-44CF-4901-8628-AFAB87D45CBD}
	EndGlobalSection
EndGlobal
